
Microsoft Visual Studio Solution File, Format Version 12.00
# Visual Studio 2013
VisualStudioVersion = 12.0.21005.1
MinimumVisualStudioVersion = 10.0.40219.1
Project("{8BC9CEB8-8B4A-11D0-8D11-00A0C91BC942}") = "17040204113-11", "17040204113-11\17040204113-11.vcxproj", "{6DB14673-A765-41E1-B149-B610F4CBB5C5}"
EndProject
Global
	GlobalSection(SolutionConfigurationPlatforms) = preSolution
		Debug|Win32 = Debug|Win32
		Release|Win32 = Release|Win32
	EndGlobalSection
	GlobalSection(ProjectConfigurationPlatforms) = postSolution
		{6DB14673-A765-41E1-B149-B610F4CBB5C5}.Debug|Win32.ActiveCfg = Debug|Win32
		{6DB14673-A765-41E1-B149-B610F4CBB5C5}.Debug|Win32.Build.0 = Debug|Win32
		{6DB14673-A765-41E1-B149-B610F4CBB5C5}.Release|Win32.ActiveCfg = Release|Win32
		{6DB14673-A765-41E1-B149-B610F4CBB5C5}.Release|Win32.Build.0 = Release|Win32
	EndGlobalSection
	GlobalSection(SolutionProperties) = preSolution
		HideSolutionNode = FALSE
	EndGlobalSection
EndGlobal
